{
	"name": "app-quiz",
	"version": "1.0.0",
	"lockfileVersion": 3,
	"requires": true,
	"packages": {
		"": {
			"name": "app-quiz",
			"version": "1.0.0",
			"license": "ISC",
			"dependencies": {
				"@azure/msal-browser": "^4.25.0"
			},
			"devDependencies": {}
		},
		"node_modules/@azure/msal-browser": {
			"version": "4.25.0",
			"resolved": "https://registry.npmjs.org/@azure/msal-browser/-/msal-browser-4.25.0.tgz",
			"integrity": "sha512-kbL+Ae7/UC62wSzxirZddYeVnHvvkvAnSZkBqL55X+jaSXTAXfngnNsDM5acEWU0Q/SAv3gEQfxO1igWOn87Pg==",
			"license": "MIT",
			"dependencies": {
				"@azure/msal-common": "15.13.0"
			},
			"engines": {
				"node": ">=0.8.0"
			}
		},
		"node_modules/@azure/msal-common": {
			"version": "15.13.0",
			"resolved": "https://registry.npmjs.org/@azure/msal-common/-/msal-common-15.13.0.tgz",
			"integrity": "sha512-8oF6nj02qX7eE/6+wFT5NluXRHc05AgdCC3fJnkjiJooq8u7BcLmxaYYSwc2AfEkWRMRi6Eyvvbeqk4U4412Ag==",
			"license": "MIT",
			"engines": {
				"node": ">=0.8.0"
			}
		}
	}
}
